// !$*UTF8*$!
{
	archiveVersion = 1;
	classes = {
	};
	objectVersion = 56;
	objects = {

/* Begin PBXBuildFile section */
		5D1D2DDD2884A37700F1D859 /* MPSImageLanczosScale+CropToSquare.swift in Sources */ = {isa = PBXBuildFile; fileRef = 5D1D2DDC2884A37700F1D859 /* MPSImageLanczosScale+CropToSquare.swift */; };
		5D714FE928842A4E00204065 /* CameraSession.swift in Sources */ = {isa = PBXBuildFile; fileRef = 5D714FE828842A4E00204065 /* CameraSession.swift */; };
		5D714FEC28843F9800204065 /* CameraMetalView.swift in Sources */ = {isa = PBXBuildFile; fileRef = 5D714FEB28843F9800204065 /* CameraMetalView.swift */; };
		5D714FF02884493100204065 /* ContentView.swift in Sources */ = {isa = PBXBuildFile; fileRef = 5D714FEF2884493100204065 /* ContentView.swift */; };
		5D714FF22884499C00204065 /* CameraSessionView.swift in Sources */ = {isa = PBXBuildFile; fileRef = 5D714FF12884499C00204065 /* CameraSessionView.swift */; };
		5D714FF828845CCC00204065 /* CameraRenderer.swift in Sources */ = {isa = PBXBuildFile; fileRef = 5D714FF728845CCC00204065 /* CameraRenderer.swift */; };
		5D714FFB288464B400204065 /* CVPixelBuffer+MTLTexture.swift in Sources */ = {isa = PBXBuildFile; fileRef = 5D714FFA288464B300204065 /* CVPixelBuffer+MTLTexture.swift */; };
		5D714FFD28846EC300204065 /* Petal.metal in Sources */ = {isa = PBXBuildFile; fileRef = 5D714FFC28846EC300204065 /* Petal.metal */; };
		5D714FFF2884820100204065 /* Fisheye.metal in Sources */ = {isa = PBXBuildFile; fileRef = 5D714FFE2884820100204065 /* Fisheye.metal */; };
		5D7150012884820900204065 /* Fisheye.swift in Sources */ = {isa = PBXBuildFile; fileRef = 5D7150002884820900204065 /* Fisheye.swift */; };
		5D7150032884857A00204065 /* MTLComputePipelineState+threadgroupSize.swift in Sources */ = {isa = PBXBuildFile; fileRef = 5D7150022884857A00204065 /* MTLComputePipelineState+threadgroupSize.swift */; };
		5DFD40522884285B001049DC /* FishEyeApp.swift in Sources */ = {isa = PBXBuildFile; fileRef = 5DFD40512884285B001049DC /* FishEyeApp.swift */; };
		5DFD40562884285D001049DC /* Assets.xcassets in Resources */ = {isa = PBXBuildFile; fileRef = 5DFD40552884285D001049DC /* Assets.xcassets */; };
		5DFD40592884285D001049DC /* Preview Assets.xcassets in Resources */ = {isa = PBXBuildFile; fileRef = 5DFD40582884285D001049DC /* Preview Assets.xcassets */; };
/* End PBXBuildFile section */

/* Begin PBXFileReference section */
		5D1D2DDC2884A37700F1D859 /* MPSImageLanczosScale+CropToSquare.swift */ = {isa = PBXFileReference; lastKnownFileType = sourcecode.swift; path = "MPSImageLanczosScale+CropToSquare.swift"; sourceTree = "<group>"; };
		5D714FE828842A4E00204065 /* CameraSession.swift */ = {isa = PBXFileReference; lastKnownFileType = sourcecode.swift; path = CameraSession.swift; sourceTree = "<group>"; };
		5D714FEB28843F9800204065 /* CameraMetalView.swift */ = {isa = PBXFileReference; lastKnownFileType = sourcecode.swift; path = CameraMetalView.swift; sourceTree = "<group>"; };
		5D714FEF2884493100204065 /* ContentView.swift */ = {isa = PBXFileReference; lastKnownFileType = sourcecode.swift; path = ContentView.swift; sourceTree = "<group>"; };
		5D714FF12884499C00204065 /* CameraSessionView.swift */ = {isa = PBXFileReference; lastKnownFileType = sourcecode.swift; path = CameraSessionView.swift; sourceTree = "<group>"; };
		5D714FF728845CCC00204065 /* CameraRenderer.swift */ = {isa = PBXFileReference; lastKnownFileType = sourcecode.swift; path = CameraRenderer.swift; sourceTree = "<group>"; };
		5D714FFA288464B300204065 /* CVPixelBuffer+MTLTexture.swift */ = {isa = PBXFileReference; lastKnownFileType = sourcecode.swift; path = "CVPixelBuffer+MTLTexture.swift"; sourceTree = "<group>"; };
		5D714FFC28846EC300204065 /* Petal.metal */ = {isa = PBXFileReference; lastKnownFileType = sourcecode.metal; path = Petal.metal; sourceTree = "<group>"; };
		5D714FFE2884820100204065 /* Fisheye.metal */ = {isa = PBXFileReference; lastKnownFileType = sourcecode.metal; path = Fisheye.metal; sourceTree = "<group>"; };
		5D7150002884820900204065 /* Fisheye.swift */ = {isa = PBXFileReference; lastKnownFileType = sourcecode.swift; path = Fisheye.swift; sourceTree = "<group>"; };
		5D7150022884857A00204065 /* MTLComputePipelineState+threadgroupSize.swift */ = {isa = PBXFileReference; lastKnownFileType = sourcecode.swift; path = "MTLComputePipelineState+threadgroupSize.swift"; sourceTree = "<group>"; };
		5DFD404E2884285B001049DC /* FishEye.app */ = {isa = PBXFileReference; explicitFileType = wrapper.application; includeInIndex = 0; path = FishEye.app; sourceTree = BUILT_PRODUCTS_DIR; };
		5DFD40512884285B001049DC /* FishEyeApp.swift */ = {isa = PBXFileReference; lastKnownFileType = sourcecode.swift; path = FishEyeApp.swift; sourceTree = "<group>"; };
		5DFD40552884285D001049DC /* Assets.xcassets */ = {isa = PBXFileReference; lastKnownFileType = folder.assetcatalog; path = Assets.xcassets; sourceTree = "<group>"; };
		5DFD40582884285D001049DC /* Preview Assets.xcassets */ = {isa = PBXFileReference; lastKnownFileType = folder.assetcatalog; path = "Preview Assets.xcassets"; sourceTree = "<group>"; };
/* End PBXFileReference section */

/* Begin PBXFrameworksBuildPhase section */
		5DFD404B2884285B001049DC /* Frameworks */ = {
			isa = PBXFrameworksBuildPhase;
			buildActionMask = 2147483647;
			files = (
			);
			runOnlyForDeploymentPostprocessing = 0;
		};
/* End PBXFrameworksBuildPhase section */

/* Begin PBXGroup section */
		5D714FE728842A4600204065 /* Camera */ = {
			isa = PBXGroup;
			children = (
				5D714FE828842A4E00204065 /* CameraSession.swift */,
				5D714FF12884499C00204065 /* CameraSessionView.swift */,
			);
			path = Camera;
			sourceTree = "<group>";
		};
		5D714FEA28843F8700204065 /* Metal */ = {
			isa = PBXGroup;
			children = (
				5D714FEB28843F9800204065 /* CameraMetalView.swift */,
				5D714FF728845CCC00204065 /* CameraRenderer.swift */,
				5D714FFC28846EC300204065 /* Petal.metal */,
				5D714FFA288464B300204065 /* CVPixelBuffer+MTLTexture.swift */,
				5D714FFE2884820100204065 /* Fisheye.metal */,
				5D7150002884820900204065 /* Fisheye.swift */,
				5D7150022884857A00204065 /* MTLComputePipelineState+threadgroupSize.swift */,
				5D1D2DDC2884A37700F1D859 /* MPSImageLanczosScale+CropToSquare.swift */,
			);
			path = Metal;
			sourceTree = "<group>";
		};
		5DFD40452884285B001049DC = {
			isa = PBXGroup;
			children = (
				5DFD40502884285B001049DC /* FishEye */,
				5DFD404F2884285B001049DC /* Products */,
			);
			sourceTree = "<group>";
		};
		5DFD404F2884285B001049DC /* Products */ = {
			isa = PBXGroup;
			children = (
				5DFD404E2884285B001049DC /* FishEye.app */,
			);
			name = Products;
			sourceTree = "<group>";
		};
		5DFD40502884285B001049DC /* FishEye */ = {
			isa = PBXGroup;
			children = (
				5DFD40512884285B001049DC /* FishEyeApp.swift */,
				5D714FEF2884493100204065 /* ContentView.swift */,
				5D714FE728842A4600204065 /* Camera */,
				5D714FEA28843F8700204065 /* Metal */,
				5DFD40552884285D001049DC /* Assets.xcassets */,
				5DFD40572884285D001049DC /* Preview Content */,
			);
			path = FishEye;
			sourceTree = "<group>";
		};
		5DFD40572884285D001049DC /* Preview Content */ = {
			isa = PBXGroup;
			children = (
				5DFD40582884285D001049DC /* Preview Assets.xcassets */,
			);
			path = "Preview Content";
			sourceTree = "<group>";
		};
/* End PBXGroup section */

/* Begin PBXNativeTarget section */
		5DFD404D2884285B001049DC /* FishEye */ = {
			isa = PBXNativeTarget;
			buildConfigurationList = 5DFD405C2884285D001049DC /* Build configuration list for PBXNativeTarget "FishEye" */;
			buildPhases = (
				5DFD404A2884285B001049DC /* Sources */,
				5DFD404B2884285B001049DC /* Frameworks */,
				5DFD404C2884285B001049DC /* Resources */,
			);
			buildRules = (
			);
			dependencies = (
			);
			name = FishEye;
			productName = FishEye;
			productReference = 5DFD404E2884285B001049DC /* FishEye.app */;
			productType = "com.apple.product-type.application";
		};
/* End PBXNativeTarget section */

/* Begin PBXProject section */
		5DFD40462884285B001049DC /* Project object */ = {
			isa = PBXProject;
			attributes = {
				BuildIndependentTargetsInParallel = 1;
				LastSwiftUpdateCheck = 1400;
				LastUpgradeCheck = 1400;
				TargetAttributes = {
					5DFD404D2884285B001049DC = {
						CreatedOnToolsVersion = 14.0;
					};
				};
			};
			buildConfigurationList = 5DFD40492884285B001049DC /* Build configuration list for PBXProject "FishEye" */;
			compatibilityVersion = "Xcode 14.0";
			developmentRegion = en;
			hasScannedForEncodings = 0;
			knownRegions = (
				en,
				Base,
			);
			mainGroup = 5DFD40452884285B001049DC;
			productRefGroup = 5DFD404F2884285B001049DC /* Products */;
			projectDirPath = "";
			projectRoot = "";
			targets = (
				5DFD404D2884285B001049DC /* FishEye */,
			);
		};
/* End PBXProject section */

/* Begin PBXResourcesBuildPhase section */
		5DFD404C2884285B001049DC /* Resources */ = {
			isa = PBXResourcesBuildPhase;
			buildActionMask = 2147483647;
			files = (
				5DFD40592884285D001049DC /* Preview Assets.xcassets in Resources */,
				5DFD40562884285D001049DC /* Assets.xcassets in Resources */,
			);
			runOnlyForDeploymentPostprocessing = 0;
		};
/* End PBXResourcesBuildPhase section */

/* Begin PBXSourcesBuildPhase section */
		5DFD404A2884285B001049DC /* Sources */ = {
			isa = PBXSourcesBuildPhase;
			buildActionMask = 2147483647;
			files = (
				5D714FF828845CCC00204065 /* CameraRenderer.swift in Sources */,
				5D1D2DDD2884A37700F1D859 /* MPSImageLanczosScale+CropToSquare.swift in Sources */,
				5D714FEC28843F9800204065 /* CameraMetalView.swift in Sources */,
				5D714FF22884499C00204065 /* CameraSessionView.swift in Sources */,
				5D714FE928842A4E00204065 /* CameraSession.swift in Sources */,
				5D714FFB288464B400204065 /* CVPixelBuffer+MTLTexture.swift in Sources */,
				5D714FF02884493100204065 /* ContentView.swift in Sources */,
				5D714FFD28846EC300204065 /* Petal.metal in Sources */,
				5D7150032884857A00204065 /* MTLComputePipelineState+threadgroupSize.swift in Sources */,
				5D7150012884820900204065 /* Fisheye.swift in Sources */,
				5D714FFF2884820100204065 /* Fisheye.metal in Sources */,
				5DFD40522884285B001049DC /* FishEyeApp.swift in Sources */,
			);
			runOnlyForDeploymentPostprocessing = 0;
		};
/* End PBXSourcesBuildPhase section */

/* Begin XCBuildConfiguration section */
		5DFD405A2884285D001049DC /* Debug */ = {
			isa = XCBuildConfiguration;
			buildSettings = {
				ALWAYS_SEARCH_USER_PATHS = NO;
				CLANG_ANALYZER_NONNULL = YES;
				CLANG_ANALYZER_NUMBER_OBJECT_CONVERSION = YES_AGGRESSIVE;
				CLANG_CXX_LANGUAGE_STANDARD = "gnu++20";
				CLANG_ENABLE_MODULES = YES;
				CLANG_ENABLE_OBJC_ARC = YES;
				CLANG_ENABLE_OBJC_WEAK = YES;
				CLANG_WARN_BLOCK_CAPTURE_AUTORELEASING = YES;
				CLANG_WARN_BOOL_CONVERSION = YES;
				CLANG_WARN_COMMA = YES;
				CLANG_WARN_CONSTANT_CONVERSION = YES;
				CLANG_WARN_DEPRECATED_OBJC_IMPLEMENTATIONS = YES;
				CLANG_WARN_DIRECT_OBJC_ISA_USAGE = YES_ERROR;
				CLANG_WARN_DOCUMENTATION_COMMENTS = YES;
				CLANG_WARN_EMPTY_BODY = YES;
				CLANG_WARN_ENUM_CONVERSION = YES;
				CLANG_WARN_INFINITE_RECURSION = YES;
				CLANG_WARN_INT_CONVERSION = YES;
				CLANG_WARN_NON_LITERAL_NULL_CONVERSION = YES;
				CLANG_WARN_OBJC_IMPLICIT_RETAIN_SELF = YES;
				CLANG_WARN_OBJC_LITERAL_CONVERSION = YES;
				CLANG_WARN_OBJC_ROOT_CLASS = YES_ERROR;
				CLANG_WARN_QUOTED_INCLUDE_IN_FRAMEWORK_HEADER = YES;
				CLANG_WARN_RANGE_LOOP_ANALYSIS = YES;
				CLANG_WARN_STRICT_PROTOTYPES = YES;
				CLANG_WARN_SUSPICIOUS_MOVE = YES;
				CLANG_WARN_UNGUARDED_AVAILABILITY = YES_AGGRESSIVE;
				CLANG_WARN_UNREACHABLE_CODE = YES;
				CLANG_WARN__DUPLICATE_METHOD_MATCH = YES;
				COPY_PHASE_STRIP = NO;
				DEBUG_INFORMATION_FORMAT = dwarf;
				ENABLE_STRICT_OBJC_MSGSEND = YES;
				ENABLE_TESTABILITY = YES;
				GCC_C_LANGUAGE_STANDARD = gnu11;
				GCC_DYNAMIC_NO_PIC = NO;
				GCC_NO_COMMON_BLOCKS = YES;
				GCC_OPTIMIZATION_LEVEL = 0;
				GCC_PREPROCESSOR_DEFINITIONS = (
					"DEBUG=1",
					"$(inherited)",
				);
				GCC_WARN_64_TO_32_BIT_CONVERSION = YES;
				GCC_WARN_ABOUT_RETURN_TYPE = YES_ERROR;
				GCC_WARN_UNDECLARED_SELECTOR = YES;
				GCC_WARN_UNINITIALIZED_AUTOS = YES_AGGRESSIVE;
				GCC_WARN_UNUSED_FUNCTION = YES;
				GCC_WARN_UNUSED_VARIABLE = YES;
				IPHONEOS_DEPLOYMENT_TARGET = 15.0;
				MTL_ENABLE_DEBUG_INFO = INCLUDE_SOURCE;
				MTL_FAST_MATH = YES;
				ONLY_ACTIVE_ARCH = YES;
				SDKROOT = iphoneos;
				SWIFT_ACTIVE_COMPILATION_CONDITIONS = DEBUG;
				SWIFT_OPTIMIZATION_LEVEL = "-Onone";
			};
			name = Debug;
		};
		5DFD405B2884285D001049DC /* Release */ = {
			isa = XCBuildConfiguration;
			buildSettings = {
				ALWAYS_SEARCH_USER_PATHS = NO;
				CLANG_ANALYZER_NONNULL = YES;
				CLANG_ANALYZER_NUMBER_OBJECT_CONVERSION = YES_AGGRESSIVE;
				CLANG_CXX_LANGUAGE_STANDARD = "gnu++20";
				CLANG_ENABLE_MODULES = YES;
				CLANG_ENABLE_OBJC_ARC = YES;
				CLANG_ENABLE_OBJC_WEAK = YES;
				CLANG_WARN_BLOCK_CAPTURE_AUTORELEASING = YES;
				CLANG_WARN_BOOL_CONVERSION = YES;
				CLANG_WARN_COMMA = YES;
				CLANG_WARN_CONSTANT_CONVERSION = YES;
				CLANG_WARN_DEPRECATED_OBJC_IMPLEMENTATIONS = YES;
				CLANG_WARN_DIRECT_OBJC_ISA_USAGE = YES_ERROR;
				CLANG_WARN_DOCUMENTATION_COMMENTS = YES;
				CLANG_WARN_EMPTY_BODY = YES;
				CLANG_WARN_ENUM_CONVERSION = YES;
				CLANG_WARN_INFINITE_RECURSION = YES;
				CLANG_WARN_INT_CONVERSION = YES;
				CLANG_WARN_NON_LITERAL_NULL_CONVERSION = YES;
				CLANG_WARN_OBJC_IMPLICIT_RETAIN_SELF = YES;
				CLANG_WARN_OBJC_LITERAL_CONVERSION = YES;
				CLANG_WARN_OBJC_ROOT_CLASS = YES_ERROR;
				CLANG_WARN_QUOTED_INCLUDE_IN_FRAMEWORK_HEADER = YES;
				CLANG_WARN_RANGE_LOOP_ANALYSIS = YES;
				CLANG_WARN_STRICT_PROTOTYPES = YES;
				CLANG_WARN_SUSPICIOUS_MOVE = YES;
				CLANG_WARN_UNGUARDED_AVAILABILITY = YES_AGGRESSIVE;
				CLANG_WARN_UNREACHABLE_CODE = YES;
				CLANG_WARN__DUPLICATE_METHOD_MATCH = YES;
				COPY_PHASE_STRIP = NO;
				DEBUG_INFORMATION_FORMAT = "dwarf-with-dsym";
				ENABLE_NS_ASSERTIONS = NO;
				ENABLE_STRICT_OBJC_MSGSEND = YES;
				GCC_C_LANGUAGE_STANDARD = gnu11;
				GCC_NO_COMMON_BLOCKS = YES;
				GCC_WARN_64_TO_32_BIT_CONVERSION = YES;
				GCC_WARN_ABOUT_RETURN_TYPE = YES_ERROR;
				GCC_WARN_UNDECLARED_SELECTOR = YES;
				GCC_WARN_UNINITIALIZED_AUTOS = YES_AGGRESSIVE;
				GCC_WARN_UNUSED_FUNCTION = YES;
				GCC_WARN_UNUSED_VARIABLE = YES;
				IPHONEOS_DEPLOYMENT_TARGET = 15.0;
				MTL_ENABLE_DEBUG_INFO = NO;
				MTL_FAST_MATH = YES;
				SDKROOT = iphoneos;
				SWIFT_COMPILATION_MODE = wholemodule;
				SWIFT_OPTIMIZATION_LEVEL = "-O";
				VALIDATE_PRODUCT = YES;
			};
			name = Release;
		};
		5DFD405D2884285D001049DC /* Debug */ = {
			isa = XCBuildConfiguration;
			buildSettings = {
				ASSETCATALOG_COMPILER_APPICON_NAME = AppIcon;
				ASSETCATALOG_COMPILER_GLOBAL_ACCENT_COLOR_NAME = AccentColor;
				CODE_SIGN_STYLE = Automatic;
				CURRENT_PROJECT_VERSION = 1;
				DEVELOPMENT_ASSET_PATHS = "\"FishEye/Preview Content\"";
				DEVELOPMENT_TEAM = 6CX35BBHC2;
				ENABLE_PREVIEWS = YES;
				GENERATE_INFOPLIST_FILE = YES;
				INFOPLIST_KEY_NSCameraUsageDescription = "~(-_-)~";
				INFOPLIST_KEY_UIApplicationSceneManifest_Generation = YES;
				INFOPLIST_KEY_UIApplicationSupportsIndirectInputEvents = YES;
				INFOPLIST_KEY_UILaunchScreen_Generation = YES;
				INFOPLIST_KEY_UISupportedInterfaceOrientations = UIInterfaceOrientationPortrait;
				INFOPLIST_KEY_UISupportedInterfaceOrientations_iPhone = UIInterfaceOrientationPortraitUpsideDown;
				IPHONEOS_DEPLOYMENT_TARGET = 15.0;
				LD_RUNPATH_SEARCH_PATHS = (
					"$(inherited)",
					"@executable_path/Frameworks",
				);
				MARKETING_VERSION = 1.0;
				PRODUCT_BUNDLE_IDENTIFIER = com.andrykevych.FishEye;
				PRODUCT_NAME = "$(TARGET_NAME)";
				SUPPORTED_PLATFORMS = "iphoneos iphonesimulator";
				SUPPORTS_MACCATALYST = NO;
				SUPPORTS_MAC_DESIGNED_FOR_IPHONE_IPAD = NO;
				SWIFT_EMIT_LOC_STRINGS = YES;
				SWIFT_VERSION = 5.0;
				TARGETED_DEVICE_FAMILY = "1,2";
			};
			name = Debug;
		};
		5DFD405E2884285D001049DC /* Release */ = {
			isa = XCBuildConfiguration;
			buildSettings = {
				ASSETCATALOG_COMPILER_APPICON_NAME = AppIcon;
				ASSETCATALOG_COMPILER_GLOBAL_ACCENT_COLOR_NAME = AccentColor;
				CODE_SIGN_STYLE = Automatic;
				CURRENT_PROJECT_VERSION = 1;
				DEVELOPMENT_ASSET_PATHS = "\"FishEye/Preview Content\"";
				DEVELOPMENT_TEAM = 6CX35BBHC2;
				ENABLE_PREVIEWS = YES;
				GENERATE_INFOPLIST_FILE = YES;
				INFOPLIST_KEY_NSCameraUsageDescription = "~(-_-)~";
				INFOPLIST_KEY_UIApplicationSceneManifest_Generation = YES;
				INFOPLIST_KEY_UIApplicationSupportsIndirectInputEvents = YES;
				INFOPLIST_KEY_UILaunchScreen_Generation = YES;
				INFOPLIST_KEY_UISupportedInterfaceOrientations = UIInterfaceOrientationPortrait;
				INFOPLIST_KEY_UISupportedInterfaceOrientations_iPhone = UIInterfaceOrientationPortraitUpsideDown;
				IPHONEOS_DEPLOYMENT_TARGET = 15.0;
				LD_RUNPATH_SEARCH_PATHS = (
					"$(inherited)",
					"@executable_path/Frameworks",
				);
				MARKETING_VERSION = 1.0;
				PRODUCT_BUNDLE_IDENTIFIER = com.andrykevych.FishEye;
				PRODUCT_NAME = "$(TARGET_NAME)";
				SUPPORTED_PLATFORMS = "iphoneos iphonesimulator";
				SUPPORTS_MACCATALYST = NO;
				SUPPORTS_MAC_DESIGNED_FOR_IPHONE_IPAD = NO;
				SWIFT_EMIT_LOC_STRINGS = YES;
				SWIFT_VERSION = 5.0;
				TARGETED_DEVICE_FAMILY = "1,2";
			};
			name = Release;
		};
/* End XCBuildConfiguration section */

/* Begin XCConfigurationList section */
		5DFD40492884285B001049DC /* Build configuration list for PBXProject "FishEye" */ = {
			isa = XCConfigurationList;
			buildConfigurations = (
				5DFD405A2884285D001049DC /* Debug */,
				5DFD405B2884285D001049DC /* Release */,
			);
			defaultConfigurationIsVisible = 0;
			defaultConfigurationName = Release;
		};
		5DFD405C2884285D001049DC /* Build configuration list for PBXNativeTarget "FishEye" */ = {
			isa = XCConfigurationList;
			buildConfigurations = (
				5DFD405D2884285D001049DC /* Debug */,
				5DFD405E2884285D001049DC /* Release */,
			);
			defaultConfigurationIsVisible = 0;
			defaultConfigurationName = Release;
		};
/* End XCConfigurationList section */
	};
	rootObject = 5DFD40462884285B001049DC /* Project object */;
}
